
Microsoft Visual Studio Solution File, Format Version 12.00
# Visual Studio Version 16
VisualStudioVersion = 16.0.33027.164
MinimumVisualStudioVersion = 10.0.40219.1
Project("{9A19103F-16F7-4668-BE54-9A1E7A4F7556}") = "Left-4-Dead-2-Add-on-Installer", "Left-4-Dead-2-Add-on-Installer.csproj", "{E4E11DDA-4045-4A72-ACD1-DCA0D90303D3}"
EndProject
Project("{9A19103F-16F7-4668-BE54-9A1E7A4F7556}") = "AOI", "..\aoi\AOI.csproj", "{4B78DF1F-70CD-43B4-A26F-5BFE5752426F}"
EndProject
Project("{9A19103F-16F7-4668-BE54-9A1E7A4F7556}") = "AOICL", "..\aoicl\AOICL.csproj", "{9464ADFB-AC40-4661-AD45-CF6C37483274}"
EndProject
Global
	GlobalSection(SolutionConfigurationPlatforms) = preSolution
		Debug|Any CPU = Debug|Any CPU
		Release|Any CPU = Release|Any CPU
	EndGlobalSection
	GlobalSection(ProjectConfigurationPlatforms) = postSolution
		{E4E11DDA-4045-4A72-ACD1-DCA0D90303D3}.Debug|Any CPU.ActiveCfg = Debug|Any CPU
		{E4E11DDA-4045-4A72-ACD1-DCA0D90303D3}.Debug|Any CPU.Build.0 = Debug|Any CPU
		{E4E11DDA-4045-4A72-ACD1-DCA0D90303D3}.Release|Any CPU.ActiveCfg = Release|Any CPU
		{E4E11DDA-4045-4A72-ACD1-DCA0D90303D3}.Release|Any CPU.Build.0 = Release|Any CPU
		{4B78DF1F-70CD-43B4-A26F-5BFE5752426F}.Debug|Any CPU.ActiveCfg = Debug|Any CPU
		{4B78DF1F-70CD-43B4-A26F-5BFE5752426F}.Debug|Any CPU.Build.0 = Debug|Any CPU
		{4B78DF1F-70CD-43B4-A26F-5BFE5752426F}.Release|Any CPU.ActiveCfg = Release|Any CPU
		{4B78DF1F-70CD-43B4-A26F-5BFE5752426F}.Release|Any CPU.Build.0 = Release|Any CPU
		{9464ADFB-AC40-4661-AD45-CF6C37483274}.Debug|Any CPU.ActiveCfg = Debug|Any CPU
		{9464ADFB-AC40-4661-AD45-CF6C37483274}.Debug|Any CPU.Build.0 = Debug|Any CPU
		{9464ADFB-AC40-4661-AD45-CF6C37483274}.Release|Any CPU.ActiveCfg = Release|Any CPU
		{9464ADFB-AC40-4661-AD45-CF6C37483274}.Release|Any CPU.Build.0 = Release|Any CPU
	EndGlobalSection
	GlobalSection(SolutionProperties) = preSolution
		HideSolutionNode = FALSE
	EndGlobalSection
	GlobalSection(ExtensibilityGlobals) = postSolution
		SolutionGuid = {D3824703-BB83-41A9-BB9E-23E63CCA0FCB}
	EndGlobalSection
EndGlobal
